
Microsoft Visual Studio Solution File, Format Version 12.00
# Visual Studio Version 16
VisualStudioVersion = 16.0.29215.179
MinimumVisualStudioVersion = 10.0.40219.1
Project("{FAE04EC0-301F-11D3-BF4B-00C04F79EFBC}") = "DMTAgent.SAP", "SAPSync\DMTAgent.SAP.csproj", "{0AF99B17-1139-4738-897E-952805B8B476}"
EndProject
Project("{FAE04EC0-301F-11D3-BF4B-00C04F79EFBC}") = "SSMD", "SSMDData\SSMD.csproj", "{44F00013-EA6B-464D-BE1F-FCF5C30CFB55}"
EndProject
Project("{2150E333-8FDC-42A3-9474-1A3956D46DE8}") = "Solution Items", "Solution Items", "{52CB0AC9-34A8-40E7-B1A4-A6193CA24FBA}"
	ProjectSection(SolutionItems) = preProject
		packages\DataAccessCore.dll = packages\DataAccessCore.dll
	EndProjectSection
EndProject
Project("{FAE04EC0-301F-11D3-BF4B-00C04F79EFBC}") = "DMTAgent.Infrastructure", "DMTAgent.Infrastructure\DMTAgent.Infrastructure.csproj", "{4CD02DBF-10F0-449A-8BE1-996935934F80}"
EndProject
Project("{FAE04EC0-301F-11D3-BF4B-00C04F79EFBC}") = "DMTAgent", "DMTAgent\DMTAgent.csproj", "{1ABC5AC4-BF18-4B49-BA21-403262C9B9CC}"
EndProject
Project("{FAE04EC0-301F-11D3-BF4B-00C04F79EFBC}") = "DMTAgent.XML", "DMTAgent.XML\DMTAgent.XML.csproj", "{B66A852F-A9F5-41BA-A7F0-ABC0D1F8DDB5}"
EndProject
Global
	GlobalSection(SolutionConfigurationPlatforms) = preSolution
		Debug|Any CPU = Debug|Any CPU
		Release|Any CPU = Release|Any CPU
	EndGlobalSection
	GlobalSection(ProjectConfigurationPlatforms) = postSolution
		{0AF99B17-1139-4738-897E-952805B8B476}.Debug|Any CPU.ActiveCfg = Debug|Any CPU
		{0AF99B17-1139-4738-897E-952805B8B476}.Debug|Any CPU.Build.0 = Debug|Any CPU
		{0AF99B17-1139-4738-897E-952805B8B476}.Release|Any CPU.ActiveCfg = Release|Any CPU
		{0AF99B17-1139-4738-897E-952805B8B476}.Release|Any CPU.Build.0 = Release|Any CPU
		{44F00013-EA6B-464D-BE1F-FCF5C30CFB55}.Debug|Any CPU.ActiveCfg = Debug|Any CPU
		{44F00013-EA6B-464D-BE1F-FCF5C30CFB55}.Debug|Any CPU.Build.0 = Debug|Any CPU
		{44F00013-EA6B-464D-BE1F-FCF5C30CFB55}.Release|Any CPU.ActiveCfg = Release|Any CPU
		{44F00013-EA6B-464D-BE1F-FCF5C30CFB55}.Release|Any CPU.Build.0 = Release|Any CPU
		{4CD02DBF-10F0-449A-8BE1-996935934F80}.Debug|Any CPU.ActiveCfg = Debug|Any CPU
		{4CD02DBF-10F0-449A-8BE1-996935934F80}.Debug|Any CPU.Build.0 = Debug|Any CPU
		{4CD02DBF-10F0-449A-8BE1-996935934F80}.Release|Any CPU.ActiveCfg = Release|Any CPU
		{4CD02DBF-10F0-449A-8BE1-996935934F80}.Release|Any CPU.Build.0 = Release|Any CPU
		{1ABC5AC4-BF18-4B49-BA21-403262C9B9CC}.Debug|Any CPU.ActiveCfg = Debug|Any CPU
		{1ABC5AC4-BF18-4B49-BA21-403262C9B9CC}.Debug|Any CPU.Build.0 = Debug|Any CPU
		{1ABC5AC4-BF18-4B49-BA21-403262C9B9CC}.Release|Any CPU.ActiveCfg = Release|Any CPU
		{1ABC5AC4-BF18-4B49-BA21-403262C9B9CC}.Release|Any CPU.Build.0 = Release|Any CPU
		{B66A852F-A9F5-41BA-A7F0-ABC0D1F8DDB5}.Debug|Any CPU.ActiveCfg = Debug|Any CPU
		{B66A852F-A9F5-41BA-A7F0-ABC0D1F8DDB5}.Debug|Any CPU.Build.0 = Debug|Any CPU
		{B66A852F-A9F5-41BA-A7F0-ABC0D1F8DDB5}.Release|Any CPU.ActiveCfg = Release|Any CPU
		{B66A852F-A9F5-41BA-A7F0-ABC0D1F8DDB5}.Release|Any CPU.Build.0 = Release|Any CPU
	EndGlobalSection
	GlobalSection(SolutionProperties) = preSolution
		HideSolutionNode = FALSE
	EndGlobalSection
	GlobalSection(ExtensibilityGlobals) = postSolution
		SolutionGuid = {DDA07A8D-78CE-4CDF-8C0B-1470297FA547}
	EndGlobalSection
EndGlobal
